
Microsoft Visual Studio Solution File, Format Version 12.00
# Visual Studio Version 16
VisualStudioVersion = 16.0.29123.88
MinimumVisualStudioVersion = 10.0.40219.1
Project("{FAE04EC0-301F-11D3-BF4B-00C04F79EFBC}") = "BlindDating", "BlindDating\BlindDating.csproj", "{9F0C53E7-59B6-4EDF-971E-F8D7EFBC4C3F}"
EndProject
Global
	GlobalSection(SolutionConfigurationPlatforms) = preSolution
		Debug|Any CPU = Debug|Any CPU
		Release|Any CPU = Release|Any CPU
	EndGlobalSection
	GlobalSection(ProjectConfigurationPlatforms) = postSolution
		{9F0C53E7-59B6-4EDF-971E-F8D7EFBC4C3F}.Debug|Any CPU.ActiveCfg = Debug|Any CPU
		{9F0C53E7-59B6-4EDF-971E-F8D7EFBC4C3F}.Debug|Any CPU.Build.0 = Debug|Any CPU
		{9F0C53E7-59B6-4EDF-971E-F8D7EFBC4C3F}.Release|Any CPU.ActiveCfg = Release|Any CPU
		{9F0C53E7-59B6-4EDF-971E-F8D7EFBC4C3F}.Release|Any CPU.Build.0 = Release|Any CPU
	EndGlobalSection
	GlobalSection(SolutionProperties) = preSolution
		HideSolutionNode = FALSE
	EndGlobalSection
	GlobalSection(ExtensibilityGlobals) = postSolution
		SolutionGuid = {13C48235-0253-4018-BB91-194762DAE3F4}
	EndGlobalSection
EndGlobal
